
Microsoft Visual Studio Solution File, Format Version 12.00
# Visual Studio Version 16
VisualStudioVersion = 16.0.30523.141
MinimumVisualStudioVersion = 10.0.40219.1
Project("{FAE04EC0-301F-11D3-BF4B-00C04F79EFBC}") = "Alapok", "Alapok\Alapok.csproj", "{9E85F3C0-AC0F-467C-A264-B964940C0AFB}"
EndProject
Global
	GlobalSection(SolutionConfigurationPlatforms) = preSolution
		Debug|Any CPU = Debug|Any CPU
		Release|Any CPU = Release|Any CPU
	EndGlobalSection
	GlobalSection(ProjectConfigurationPlatforms) = postSolution
		{9E85F3C0-AC0F-467C-A264-B964940C0AFB}.Debug|Any CPU.ActiveCfg = Debug|Any CPU
		{9E85F3C0-AC0F-467C-A264-B964940C0AFB}.Debug|Any CPU.Build.0 = Debug|Any CPU
		{9E85F3C0-AC0F-467C-A264-B964940C0AFB}.Release|Any CPU.ActiveCfg = Release|Any CPU
		{9E85F3C0-AC0F-467C-A264-B964940C0AFB}.Release|Any CPU.Build.0 = Release|Any CPU
	EndGlobalSection
	GlobalSection(SolutionProperties) = preSolution
		HideSolutionNode = FALSE
	EndGlobalSection
	GlobalSection(ExtensibilityGlobals) = postSolution
		SolutionGuid = {AEA65CCE-BFE2-45CF-8453-88E1C876B9DB}
	EndGlobalSection
EndGlobal
